# THIS IS AN AUTOGENERATED FILE. DO NOT EDIT THIS FILE DIRECTLY.
# yarn lockfile v1


"@babel/parser@^7.9.4":
  "integrity" "sha512-h7RCSorm1DdTVGJf3P2Mhj3kdnkmF/EiysUkzS2TdgAYqyjFdMQJbVuXOBej2SBJaXan/lIVtT6KkGbyyq753A=="
  "resolved" "https://registry.npmjs.org/@babel/parser/-/parser-7.19.1.tgz"
  "version" "7.19.1"

"@types/estree@*":
  "integrity" "sha512-WulqXMDUTYAXCjZnk6JtIHPigp55cVtDgDrO2gHRwhyJto21+1zbVCtOYB2L1F9w4qCQ0rOGWBnBe0FNTiEJIQ=="
  "resolved" "https://registry.npmjs.org/@types/estree/-/estree-1.0.0.tgz"
  "version" "1.0.0"

"@types/linkify-it@*":
  "integrity" "sha512-HZQYqbiFVWufzCwexrvh694SOim8z2d+xJl5UNamcvQFejLY/2YUtzXHYi3cHdI7PMlS8ejH2slRAOJQ32aNbA=="
  "resolved" "https://registry.npmjs.org/@types/linkify-it/-/linkify-it-3.0.2.tgz"
  "version" "3.0.2"

"@types/markdown-it@*", "@types/markdown-it@^12.2.3":
  "integrity" "sha512-GKMHFfv3458yYy+v/N8gjufHO6MSZKCOXpZc5GXIWWy8uldwfmPn98vp81gZ5f9SVw8YYBctgfJ22a2d7AOMeQ=="
  "resolved" "https://registry.npmjs.org/@types/markdown-it/-/markdown-it-12.2.3.tgz"
  "version" "12.2.3"
  dependencies:
    "@types/linkify-it" "*"
    "@types/mdurl" "*"

"@types/mdurl@*":
  "integrity" "sha512-eC4U9MlIcu2q0KQmXszyn5Akca/0jrQmwDRgpAMJai7qBWq4amIQhZyNau4VYGtCeALvW1/NtjzJJ567aZxfKA=="
  "resolved" "https://registry.npmjs.org/@types/mdurl/-/mdurl-1.0.2.tgz"
  "version" "1.0.2"

"@types/node@*":
  "integrity" "sha512-m+6nTEOadJZuTPkKR/SYK3A2d7FZrgElol9UP1Kae90VVU4a6mxnPuLiIW1m4Cq4gZ/nWb9GrdVXJCoCazDAbg=="
  "resolved" "https://registry.npmjs.org/@types/node/-/node-18.7.18.tgz"
  "version" "18.7.18"

"acorn@^7.1.0":
  "integrity" "sha512-nQyp0o1/mNdbTO1PO6kHkwSrmgZ0MT/jCCpNiwbUjGoRN4dlBhqJtoQuCnEOKzgTVwg0ZWiCoQy6SxMebQVh8A=="
  "resolved" "https://registry.npmjs.org/acorn/-/acorn-7.4.1.tgz"
  "version" "7.4.1"

"ansi-regex@^2.0.0":
  "integrity" "sha512-TIGnTpdo+E3+pCyAluZvtED5p5wCqLdezCyhPZzKPcxvFplEt4i+W7OONCKgeZFT3+y5NZZfOOS/Bdcanm1MYA=="
  "resolved" "https://registry.npmjs.org/ansi-regex/-/ansi-regex-2.1.1.tgz"
  "version" "2.1.1"

"ansi-styles@^2.2.1":
  "integrity" "sha512-kmCevFghRiWM7HB5zTPULl4r9bVFSWjz62MhqizDGUrq2NWuNMQyuv4tHHoKJHs69M/MF64lEcHdYIocrdWQYA=="
  "resolved" "https://registry.npmjs.org/ansi-styles/-/ansi-styles-2.2.1.tgz"
  "version" "2.2.1"

"argparse@^2.0.1":
  "integrity" "sha512-8+9WqebbFzpX9OR+Wa6O29asIogeRMzcGtAINdpMHHyAg10f05aSFVBbcEqGf/PXw1EjAZ+q2/bEBg3DvurK3Q=="
  "resolved" "https://registry.npmjs.org/argparse/-/argparse-2.0.1.tgz"
  "version" "2.0.1"

"async@^2.6.4":
  "integrity" "sha512-mzo5dfJYwAn29PeiJ0zvwTo04zj8HDJj0Mn8TD7sno7q12prdbnasKJHhkm2c1LgrhlJ0teaea8860oxi51mGA=="
  "resolved" "https://registry.npmjs.org/async/-/async-2.6.4.tgz"
  "version" "2.6.4"
  dependencies:
    "lodash" "^4.17.14"

"bluebird@^3.7.2":
  "integrity" "sha512-XpNj6GDQzdfW+r2Wnn7xiSAd7TM3jzkxGXBGTtWKuSXv1xUV+azxAm8jdWZN06QTQk+2N2XB9jRDkvbmQmcRtg=="
  "resolved" "https://registry.npmjs.org/bluebird/-/bluebird-3.7.2.tgz"
  "version" "3.7.2"

"catharsis@^0.9.0":
  "integrity" "sha512-prMTQVpcns/tzFgFVkVp6ak6RykZyWb3gu8ckUpd6YkTlacOd3DXGJjIpD4Q6zJirizvaiAjSSHlOsA+6sNh2A=="
  "resolved" "https://registry.npmjs.org/catharsis/-/catharsis-0.9.0.tgz"
  "version" "0.9.0"
  dependencies:
    "lodash" "^4.17.15"

"chalk@^1.0.0":
  "integrity" "sha512-U3lRVLMSlsCfjqYPbLyVv11M9CPW4I728d6TCKMAOJueEeB9/8o+eSsMnxPJD+Q+K909sdESg7C+tIkoH6on1A=="
  "resolved" "https://registry.npmjs.org/chalk/-/chalk-1.1.3.tgz"
  "version" "1.1.3"
  dependencies:
    "ansi-styles" "^2.2.1"
    "escape-string-regexp" "^1.0.2"
    "has-ansi" "^2.0.0"
    "strip-ansi" "^3.0.0"
    "supports-color" "^2.0.0"

"clone-buffer@^1.0.0":
  "integrity" "sha512-KLLTJWrvwIP+OPfMn0x2PheDEP20RPUcGXj/ERegTgdmPEZylALQldygiqrPPu8P45uNuPs7ckmReLY6v/iA5g=="
  "resolved" "https://registry.npmjs.org/clone-buffer/-/clone-buffer-1.0.0.tgz"
  "version" "1.0.0"

"clone-stats@^1.0.0":
  "integrity" "sha512-au6ydSpg6nsrigcZ4m8Bc9hxjeW+GJ8xh5G3BJCMt4WXe1H10UNaVOamqQTmrx1kjVuxAHIQSNU6hY4Nsn9/ag=="
  "resolved" "https://registry.npmjs.org/clone-stats/-/clone-stats-1.0.0.tgz"
  "version" "1.0.0"

"clone@^2.1.1":
  "integrity" "sha512-3Pe/CF1Nn94hyhIYpjtiLhdCoEoz0DqQ+988E9gmeEdQZlojxnOb74wctFyuwWQHzqyf9X7C7MG8juUpqBJT8w=="
  "resolved" "https://registry.npmjs.org/clone/-/clone-2.1.2.tgz"
  "version" "2.1.2"

"cloneable-readable@^1.0.0":
  "integrity" "sha512-2EF8zTQOxYq70Y4XKtorQupqF0m49MBz2/yf5Bj+MHjvpG3Hy7sImifnqD6UA+TKYxeSV+u6qqQPawN5UvnpKQ=="
  "resolved" "https://registry.npmjs.org/cloneable-readable/-/cloneable-readable-1.1.3.tgz"
  "version" "1.1.3"
  dependencies:
    "inherits" "^2.0.1"
    "process-nextick-args" "^2.0.0"
    "readable-stream" "^2.3.5"

"colors@1.0.3":
  "integrity" "sha512-pFGrxThWcWQ2MsAz6RtgeWe4NK2kUE1WfsrvvlctdII745EW9I0yflqhe7++M5LEc7bV2c/9/5zc8sFcpL0Drw=="
  "resolved" "https://registry.npmjs.org/colors/-/colors-1.0.3.tgz"
  "version" "1.0.3"

"core-util-is@~1.0.0":
  "integrity" "sha512-ZQBvi1DcpJ4GDqanjucZ2Hj3wEO5pZDS89BWbkcrvdxksJorwUDDZamX9ldFkp9aw2lmBDLgkObEA4DWNJ9FYQ=="
  "resolved" "https://registry.npmjs.org/core-util-is/-/core-util-is-1.0.3.tgz"
  "version" "1.0.3"

"corser@~2.0.0":
  "integrity" "sha512-utCYNzRSQIZNPIcGZdQc92UVJYAhtGAteCFg0yRaFm8f0P+CPtyGyHXJcGXnffjCybUCEx3FQ2G7U3/o9eIkVQ=="
  "resolved" "https://registry.npmjs.org/corser/-/corser-2.0.1.tgz"
  "version" "2.0.1"

"debug@^3.2.7":
  "integrity" "sha512-CFjzYYAi4ThfiQvizrFQevTTXHtnCqWfe7x1AhgEscTz6ZbLbfoLRLPugTQyBth6f8ZERVUSyWHFD/7Wu4t1XQ=="
  "resolved" "https://registry.npmjs.org/debug/-/debug-3.2.7.tgz"
  "version" "3.2.7"
  dependencies:
    "ms" "^2.1.1"

"ecstatic@^3.0.0":
  "integrity" "sha512-fLf9l1hnwrHI2xn9mEDT7KIi22UDqA2jaCwyCbSUJh9a1V+LEUSL/JO/6TIz/QyuBURWUHrFL5Kg2TtO1bkkog=="
  "resolved" "https://registry.npmjs.org/ecstatic/-/ecstatic-3.3.2.tgz"
  "version" "3.3.2"
  dependencies:
    "he" "^1.1.1"
    "mime" "^1.6.0"
    "minimist" "^1.1.0"
    "url-join" "^2.0.5"

"entities@~2.1.0":
  "integrity" "sha512-hCx1oky9PFrJ611mf0ifBLBRW8lUUVRlFolb5gWRfIELabBlbp9xZvrqZLZAs+NxFnbfQoeGd8wDkygjg7U85w=="
  "resolved" "https://registry.npmjs.org/entities/-/entities-2.1.0.tgz"
  "version" "2.1.0"

"escape-string-regexp@^1.0.2":
  "integrity" "sha512-vbRorB5FUQWvla16U8R/qgaFIya2qGzwDrNmCZuYKrbdSUMG6I1ZCGQRefkRVhuOkIGVne7BQ35DSfo1qvJqFg=="
  "resolved" "https://registry.npmjs.org/escape-string-regexp/-/escape-string-regexp-1.0.5.tgz"
  "version" "1.0.5"

"escape-string-regexp@^2.0.0":
  "integrity" "sha512-UpzcLCXolUWcNu5HtVMHYdXJjArjsF9C0aNnquZYY4uW/Vu0miy5YoWvbV345HauVvcAUnpRuhMMcqTcGOY2+w=="
  "resolved" "https://registry.npmjs.org/escape-string-regexp/-/escape-string-regexp-2.0.0.tgz"
  "version" "2.0.0"

"estree-walker@^0.6.0", "estree-walker@^0.6.1":
  "integrity" "sha512-SqmZANLWS0mnatqbSfRP5g8OXZC12Fgg1IwNtLsyHDzJizORW4khDfjPqJZsemPWBB2uqykUah5YpQ6epsqC/w=="
  "resolved" "https://registry.npmjs.org/estree-walker/-/estree-walker-0.6.1.tgz"
  "version" "0.6.1"

"eventemitter3@^4.0.0":
  "integrity" "sha512-8guHBZCwKnFhYdHr2ysuRWErTwhoN2X8XELRlrRwpmfeY2jjuUN4taQMsULKUVo1K4DvZl+0pgfyoysHxvmvEw=="
  "resolved" "https://registry.npmjs.org/eventemitter3/-/eventemitter3-4.0.7.tgz"
  "version" "4.0.7"

"follow-redirects@^1.0.0":
  "integrity" "sha512-VQLG33o04KaQ8uYi2tVNbdrWp1QWxNNea+nmIB4EVM28v0hmP17z7aG1+wAkNzVq4KeXTq3221ye5qTJP91JwA=="
  "resolved" "https://registry.npmjs.org/follow-redirects/-/follow-redirects-1.15.2.tgz"
  "version" "1.15.2"

"google-closure-compiler-java@^20190301.0.0":
  "integrity" "sha512-IMv77Mu1chPjSaJC1PWyKSNIvm19nSjx4oXvf67ZBLRkuPKHb3S1ECD3l71pfxNZ2+2tAXnxkEcWcREJ8ph4Tg=="
  "resolved" "https://registry.npmjs.org/google-closure-compiler-java/-/google-closure-compiler-java-20190301.0.0.tgz"
  "version" "20190301.0.0"

"google-closure-compiler-js@^20190301.0.0":
  "integrity" "sha512-J0HVHwpGf3o5MwyifrYhfhNpD7Zznn+fktcKKmwhguKqaNbgCr1AfnaGEarej3Lx1W9CouJEm5OTRTZRJgvRHQ=="
  "resolved" "https://registry.npmjs.org/google-closure-compiler-js/-/google-closure-compiler-js-20190301.0.0.tgz"
  "version" "20190301.0.0"

"google-closure-compiler-osx@^20190301.0.0":
  "integrity" "sha512-W/Mub4k7oKcd1XYIae0NrJysNvpiAjXhq0DCoTJaTZzkc8dGVqcvrQ/YqYNwLkUULqL1dsrYyt3jv1X6l9OqZw=="
  "resolved" "https://registry.npmjs.org/google-closure-compiler-osx/-/google-closure-compiler-osx-20190301.0.0.tgz"
  "version" "20190301.0.0"

"google-closure-compiler@^20190301.0.0":
  "integrity" "sha512-FCtg6VsC9BhvbDLh+idMP4F3gka60KLEW0Oqw7M/vhBZnP2/aB4zzxuUDo5LOxuR+RyVqB4VyGOFnM9Z/14iVw=="
  "resolved" "https://registry.npmjs.org/google-closure-compiler/-/google-closure-compiler-20190301.0.0.tgz"
  "version" "20190301.0.0"
  dependencies:
    "chalk" "^1.0.0"
    "google-closure-compiler-java" "^20190301.0.0"
    "google-closure-compiler-js" "^20190301.0.0"
    "minimist" "^1.2.0"
    "vinyl" "^2.0.1"
    "vinyl-sourcemaps-apply" "^0.2.0"
  optionalDependencies:
    "google-closure-compiler-linux" "^20190301.0.0"
    "google-closure-compiler-osx" "^20190301.0.0"

"graceful-fs@^4.1.9":
  "integrity" "sha512-9ByhssR2fPVsNZj478qUUbKfmL0+t5BDVyjShtyZZLiK7ZDAArFFfopyOTj0M05wE2tJPisA4iTnnXl2YoPvOA=="
  "resolved" "https://registry.npmjs.org/graceful-fs/-/graceful-fs-4.2.10.tgz"
  "version" "4.2.10"

"has-ansi@^2.0.0":
  "integrity" "sha512-C8vBJ8DwUCx19vhm7urhTuUsr4/IyP6l4VzNQDv+ryHQObW3TTTp9yB68WpYgRe2bbaGuZ/se74IqFeVnMnLZg=="
  "resolved" "https://registry.npmjs.org/has-ansi/-/has-ansi-2.0.0.tgz"
  "version" "2.0.0"
  dependencies:
    "ansi-regex" "^2.0.0"

"he@^1.1.1":
  "integrity" "sha512-F/1DnUGPopORZi0ni+CvrCgHQ5FyEAHRLSApuYWMmrbSwoN2Mn/7k+Gl38gJnR7yyDZk6WLXwiGod1JOWNDKGw=="
  "resolved" "https://registry.npmjs.org/he/-/he-1.2.0.tgz"
  "version" "1.2.0"

"http-proxy@^1.8.1":
  "integrity" "sha512-7mz/721AbnJwIVbnaSv1Cz3Am0ZLT/UBwkC92VlxhXv/k/BBQfM2fXElQNC27BVGr0uwUpplYPQM9LnaBMR5NQ=="
  "resolved" "https://registry.npmjs.org/http-proxy/-/http-proxy-1.18.1.tgz"
  "version" "1.18.1"
  dependencies:
    "eventemitter3" "^4.0.0"
    "follow-redirects" "^1.0.0"
    "requires-port" "^1.0.0"

"http-server@0.11.1":
  "integrity" "sha512-6JeGDGoujJLmhjiRGlt8yK8Z9Kl0vnl/dQoQZlc4oeqaUoAKQg94NILLfrY3oWzSyFaQCVNTcKE5PZ3cH8VP9w=="
  "resolved" "https://registry.npmjs.org/http-server/-/http-server-0.11.1.tgz"
  "version" "0.11.1"
  dependencies:
    "colors" "1.0.3"
    "corser" "~2.0.0"
    "ecstatic" "^3.0.0"
    "http-proxy" "^1.8.1"
    "opener" "~1.4.0"
    "optimist" "0.6.x"
    "portfinder" "^1.0.13"
    "union" "~0.4.3"

"inherits@^2.0.1", "inherits@~2.0.3":
  "integrity" "sha512-k/vGaX4/Yla3WzyMCvTQOXYeIHvqOKtnqBduzTHpzpQZzAskKMhZ2K+EnBiSM9zGSoIFeMpXKxa4dYeZIQqewQ=="
  "resolved" "https://registry.npmjs.org/inherits/-/inherits-2.0.4.tgz"
  "version" "2.0.4"

"isarray@~1.0.0":
  "integrity" "sha512-VLghIWNM6ELQzo7zwmcg0NmTVyWKYjvIeM83yjp0wRDTmUnrM678fQbcKBo6n2CJEF0szoG//ytg+TKla89ALQ=="
  "resolved" "https://registry.npmjs.org/isarray/-/isarray-1.0.0.tgz"
  "version" "1.0.0"

"js2xmlparser@^4.0.2":
  "integrity" "sha512-6n4D8gLlLf1n5mNLQPRfViYzu9RATblzPEtm1SthMX1Pjao0r9YI9nw7ZIfRxQMERS87mcswrg+r/OYrPRX6jA=="
  "resolved" "https://registry.npmjs.org/js2xmlparser/-/js2xmlparser-4.0.2.tgz"
  "version" "4.0.2"
  dependencies:
    "xmlcreate" "^2.0.4"

"jsdoc@^3.5.0":
  "integrity" "sha512-8UCU0TYeIYD9KeLzEcAu2q8N/mx9O3phAGl32nmHlE0LpaJL71mMkP4d+QE5zWfNt50qheHtOZ0qoxVrsX5TUg=="
  "resolved" "https://registry.npmjs.org/jsdoc/-/jsdoc-3.6.11.tgz"
  "version" "3.6.11"
  dependencies:
    "@babel/parser" "^7.9.4"
    "@types/markdown-it" "^12.2.3"
    "bluebird" "^3.7.2"
    "catharsis" "^0.9.0"
    "escape-string-regexp" "^2.0.0"
    "js2xmlparser" "^4.0.2"
    "klaw" "^3.0.0"
    "markdown-it" "^12.3.2"
    "markdown-it-anchor" "^8.4.1"
    "marked" "^4.0.10"
    "mkdirp" "^1.0.4"
    "requizzle" "^0.2.3"
    "strip-json-comments" "^3.1.0"
    "taffydb" "2.6.2"
    "underscore" "~1.13.2"

"klaw@^3.0.0":
  "integrity" "sha512-0Fo5oir+O9jnXu5EefYbVK+mHMBeEVEy2cmctR1O1NECcCkPRreJKrS6Qt/j3KC2C148Dfo9i3pCmCMsdqGr0g=="
  "resolved" "https://registry.npmjs.org/klaw/-/klaw-3.0.0.tgz"
  "version" "3.0.0"
  dependencies:
    "graceful-fs" "^4.1.9"

"linkify-it@^3.0.1":
  "integrity" "sha512-ynTsyrFSdE5oZ/O9GEf00kPngmOfVwazR5GKDq6EYfhlpFug3J2zybX56a2PRRpc9P+FuSoGNAwjlbDs9jJBPQ=="
  "resolved" "https://registry.npmjs.org/linkify-it/-/linkify-it-3.0.3.tgz"
  "version" "3.0.3"
  dependencies:
    "uc.micro" "^1.0.1"

"lodash@^4.17.14", "lodash@^4.17.15":
  "integrity" "sha512-v2kDEe57lecTulaDIuNTPy3Ry4gLGJ6Z1O3vE1krgXZNrsQ+LFTGHVxVjcXPs17LhbZVGedAJv8XZ1tvj5FvSg=="
  "resolved" "https://registry.npmjs.org/lodash/-/lodash-4.17.21.tgz"
  "version" "4.17.21"

"magic-string@^0.25.1":
  "integrity" "sha512-RmF0AsMzgt25qzqqLc1+MbHmhdx0ojF2Fvs4XnOqz2ZOBXzzkEwc/dJQZCYHAn7v1jbVOjAZfK8msRn4BxO4VQ=="
  "resolved" "https://registry.npmjs.org/magic-string/-/magic-string-0.25.9.tgz"
  "version" "0.25.9"
  dependencies:
    "sourcemap-codec" "^1.4.8"

"markdown-it-anchor@^8.4.1":
  "integrity" "sha512-PI1qEHHkTNWT+X6Ip9w+paonfIQ+QZP9sCeMYi47oqhH+EsW8CrJ8J7CzV19QVOj6il8ATGbK2nTECj22ZHGvQ=="
  "resolved" "https://registry.npmjs.org/markdown-it-anchor/-/markdown-it-anchor-8.6.5.tgz"
  "version" "8.6.5"

"markdown-it@*", "markdown-it@^12.3.2":
  "integrity" "sha512-TchMembfxfNVpHkbtriWltGWc+m3xszaRD0CZup7GFFhzIgQqxIfn3eGj1yZpfuflzPvfkt611B2Q/Bsk1YnGg=="
  "resolved" "https://registry.npmjs.org/markdown-it/-/markdown-it-12.3.2.tgz"
  "version" "12.3.2"
  dependencies:
    "argparse" "^2.0.1"
    "entities" "~2.1.0"
    "linkify-it" "^3.0.1"
    "mdurl" "^1.0.1"
    "uc.micro" "^1.0.5"

"marked@^4.0.10":
  "integrity" "sha512-+Z6KDjSPa6/723PQYyc1axYZpYYpDnECDaU6hkaf5gqBieBkMKYReL5hteF2QizhlMbgbo8umXl/clZ67+GlsA=="
  "resolved" "https://registry.npmjs.org/marked/-/marked-4.1.0.tgz"
  "version" "4.1.0"

"mdurl@^1.0.1":
  "integrity" "sha512-/sKlQJCBYVY9Ers9hqzKou4H6V5UWc/M59TH2dvkt+84itfnq7uFOMLpOiOS4ujvHP4etln18fmIxA5R5fll0g=="
  "resolved" "https://registry.npmjs.org/mdurl/-/mdurl-1.0.1.tgz"
  "version" "1.0.1"

"mime@^1.6.0":
  "integrity" "sha512-x0Vn8spI+wuJ1O6S7gnbaQg8Pxh4NNHb7KSINmEWKiPE4RKOplvijn+NkmYmmRgP68mc70j2EbeTFRsrswaQeg=="
  "resolved" "https://registry.npmjs.org/mime/-/mime-1.6.0.tgz"
  "version" "1.6.0"

"minimist@^1.1.0", "minimist@^1.2.0", "minimist@^1.2.6":
  "integrity" "sha512-Jsjnk4bw3YJqYzbdyBiNsPWHPfO++UGG749Cxs6peCu5Xg4nrena6OVxOYxrQTqww0Jmwt+Ref8rggumkTLz9Q=="
  "resolved" "https://registry.npmjs.org/minimist/-/minimist-1.2.6.tgz"
  "version" "1.2.6"

"minimist@~0.0.1":
  "integrity" "sha512-iotkTvxc+TwOm5Ieim8VnSNvCDjCK9S8G3scJ50ZthspSxa7jx50jkhYduuAtAjvfDUwSgOwf8+If99AlOEhyw=="
  "resolved" "https://registry.npmjs.org/minimist/-/minimist-0.0.10.tgz"
  "version" "0.0.10"

"mkdirp@^0.5.6":
  "integrity" "sha512-FP+p8RB8OWpF3YZBCrP5gtADmtXApB5AMLn+vdyA+PyxCjrCs00mjyUozssO33cwDeT3wNGdLxJ5M//YqtHAJw=="
  "resolved" "https://registry.npmjs.org/mkdirp/-/mkdirp-0.5.6.tgz"
  "version" "0.5.6"
  dependencies:
    "minimist" "^1.2.6"

"mkdirp@^1.0.4":
  "integrity" "sha512-vVqVZQyf3WLx2Shd0qJ9xuvqgAyKPLAiqITEtqW0oIUjzo3PePDd6fW9iFz30ef7Ysp/oiWqbhszeGWW2T6Gzw=="
  "resolved" "https://registry.npmjs.org/mkdirp/-/mkdirp-1.0.4.tgz"
  "version" "1.0.4"

"ms@^2.1.1":
  "integrity" "sha512-6FlzubTLZG3J2a/NVCAleEhjzq5oxgHyaCU9yYXvcLsvoVaHJq/s5xXI6/XXP6tz7R9xAOtHnSO/tXtF3WRTlA=="
  "resolved" "https://registry.npmjs.org/ms/-/ms-2.1.3.tgz"
  "version" "2.1.3"

"node-bin-setup@^1.0.0":
  "integrity" "sha512-pTeU6NgUrexiLNtd+AKwvg6cngHMvj5FZ5e2bbv2ogBSIc9yhkXSSaTScfSRZnwHIh5YFmYSYlemLWkiKD7rog=="
  "resolved" "https://registry.npmjs.org/node-bin-setup/-/node-bin-setup-1.1.0.tgz"
  "version" "1.1.0"

"node@^18.9.0":
  "integrity" "sha512-s+JrNt8qOeV2Uci4aYs7jsFSRXgko7jThozysqeZ2bJGp3PGaBKA+kpCCP+TDrg4TRcTLyw3bcHCJx9drxTQtQ=="
  "resolved" "https://registry.npmjs.org/node/-/node-18.9.0.tgz"
  "version" "18.9.0"
  dependencies:
    "node-bin-setup" "^1.0.0"

"opener@~1.4.0":
  "integrity" "sha512-4Im9TrPJcjAYyGR5gBe3yZnBzw5n3Bfh1ceHHGNOpMurINKc6RdSIPXMyon4BZacJbJc36lLkhipioGbWh5pwg=="
  "resolved" "https://registry.npmjs.org/opener/-/opener-1.4.3.tgz"
  "version" "1.4.3"

"optimist@0.6.x":
  "integrity" "sha512-snN4O4TkigujZphWLN0E//nQmm7790RYaE53DdL7ZYwee2D8DDo9/EyYiKUfN3rneWUjhJnueija3G9I2i0h3g=="
  "resolved" "https://registry.npmjs.org/optimist/-/optimist-0.6.1.tgz"
  "version" "0.6.1"
  dependencies:
    "minimist" "~0.0.1"
    "wordwrap" "~0.0.2"

"portfinder@^1.0.13":
  "integrity" "sha512-on2ZJVVDXRADWE6jnQaX0ioEylzgBpQk8r55NE4wjXW1ZxO+BgDlY6DXwj20i0V8eB4SenDQ00WEaxfiIQPcxg=="
  "resolved" "https://registry.npmjs.org/portfinder/-/portfinder-1.0.32.tgz"
  "version" "1.0.32"
  dependencies:
    "async" "^2.6.4"
    "debug" "^3.2.7"
    "mkdirp" "^0.5.6"

"potree@^0.1.0":
  "integrity" "sha512-HZWU2IGrYY6ZcznobNf/PyBsJc9N6eqOwhw3aPAXkN4wLlzmO2nK3V9tZaFABiTlwPRwaDnDMFTY3MaowddrqA=="
  "resolved" "https://registry.npmjs.org/potree/-/potree-0.1.0.tgz"
  "version" "0.1.0"
  dependencies:
    "process-nextick-args" "^1.0.7"
    "safe-buffer" "^5.1.1"
    "util-deprecate" "^1.0.2"

"process-nextick-args@^1.0.7":
  "integrity" "sha512-yN0WQmuCX63LP/TMvAg31nvT6m4vDqJEiiv2CAZqWOGNWutc9DfDk1NPYYmKUFmaVM2UwDowH4u5AHWYP/jxKw=="
  "resolved" "https://registry.npmjs.org/process-nextick-args/-/process-nextick-args-1.0.7.tgz"
  "version" "1.0.7"

"process-nextick-args@^2.0.0", "process-nextick-args@~2.0.0":
  "integrity" "sha512-3ouUOpQhtgrbOa17J7+uxOTpITYWaGP7/AhoR3+A+/1e9skrzelGi/dXzEYyvbxubEF6Wn2ypscTKiKJFFn1ag=="
  "resolved" "https://registry.npmjs.org/process-nextick-args/-/process-nextick-args-2.0.1.tgz"
  "version" "2.0.1"

"qs@~2.3.3":
  "integrity" "sha512-f5M0HQqZWkzU8GELTY8LyMrGkr3bPjKoFtTkwUEqJQbcljbeK8M7mliP9Ia2xoOI6oMerp+QPS7oYJtpGmWe/A=="
  "resolved" "https://registry.npmjs.org/qs/-/qs-2.3.3.tgz"
  "version" "2.3.3"

"readable-stream@^2.3.5":
  "integrity" "sha512-Ebho8K4jIbHAxnuxi7o42OrZgF/ZTNcsZj6nRKyUmkhLFq8CHItp/fy6hQZuZmP/n3yZ9VBUbp4zz/mX8hmYPw=="
  "resolved" "https://registry.npmjs.org/readable-stream/-/readable-stream-2.3.7.tgz"
  "version" "2.3.7"
  dependencies:
    "core-util-is" "~1.0.0"
    "inherits" "~2.0.3"
    "isarray" "~1.0.0"
    "process-nextick-args" "~2.0.0"
    "safe-buffer" "~5.1.1"
    "string_decoder" "~1.1.1"
    "util-deprecate" "~1.0.1"

"remove-trailing-separator@^1.0.1":
  "integrity" "sha512-/hS+Y0u3aOfIETiaiirUFwDBDzmXPvO+jAfKTitUngIPzdKc6Z0LoFjM/CK5PL4C+eKwHohlHAb6H0VFfmmUsw=="
  "resolved" "https://registry.npmjs.org/remove-trailing-separator/-/remove-trailing-separator-1.1.0.tgz"
  "version" "1.1.0"

"replace-ext@^1.0.0":
  "integrity" "sha512-yD5BHCe7quCgBph4rMQ+0KkIRKwWCrHDOX1p1Gp6HwjPM5kVoCdKGNhN7ydqqsX6lJEnQDKZ/tFMiEdQ1dvPEw=="
  "resolved" "https://registry.npmjs.org/replace-ext/-/replace-ext-1.0.1.tgz"
  "version" "1.0.1"

"requires-port@^1.0.0":
  "integrity" "sha512-KigOCHcocU3XODJxsu8i/j8T9tzT4adHiecwORRQ0ZZFcp7ahwXuRU1m+yuO90C5ZUyGeGfocHDI14M3L3yDAQ=="
  "resolved" "https://registry.npmjs.org/requires-port/-/requires-port-1.0.0.tgz"
  "version" "1.0.0"

"requizzle@^0.2.3":
  "integrity" "sha512-YanoyJjykPxGHii0fZP0uUPEXpvqfBDxWV7s6GKAiiOsiqhX6vHNyW3Qzdmqp/iq/ExbhaGbVrjB4ruEVSM4GQ=="
  "resolved" "https://registry.npmjs.org/requizzle/-/requizzle-0.2.3.tgz"
  "version" "0.2.3"
  dependencies:
    "lodash" "^4.17.14"

"rollup-plugin-strip@^1.2.1":
  "integrity" "sha512-n6hmt7ben8txSrpEXvRd0aNApQTpexst0qSu6QFzOSrb7EE2yPVIlEK0n4RWYT1gieBkSN7ECvYvY/g7OsQMLA=="
  "resolved" "https://registry.npmjs.org/rollup-plugin-strip/-/rollup-plugin-strip-1.2.2.tgz"
  "version" "1.2.2"
  dependencies:
    "estree-walker" "^0.6.0"
    "magic-string" "^0.25.1"
    "rollup-pluginutils" "^2.8.1"

"rollup-pluginutils@^2.8.1":
  "integrity" "sha512-EEp9NhnUkwY8aif6bxgovPHMoMoNr2FulJziTndpt5H9RdwC47GSGuII9XxpSdzVGM0GWrNPHV6ie1LTNJPaLQ=="
  "resolved" "https://registry.npmjs.org/rollup-pluginutils/-/rollup-pluginutils-2.8.2.tgz"
  "version" "2.8.2"
  dependencies:
    "estree-walker" "^0.6.1"

"rollup@^1.0.0":
  "integrity" "sha512-/2HA0Ec70TvQnXdzynFffkjA6XN+1e2pEv/uKS5Ulca40g2L7KuOE3riasHoNVHOsFD5KKZgDsMk1CP3Tw9s+A=="
  "resolved" "https://registry.npmjs.org/rollup/-/rollup-1.32.1.tgz"
  "version" "1.32.1"
  dependencies:
    "@types/estree" "*"
    "@types/node" "*"
    "acorn" "^7.1.0"

"safe-buffer@^5.1.1", "safe-buffer@~5.1.0", "safe-buffer@~5.1.1":
  "integrity" "sha512-Gd2UZBJDkXlY7GbJxfsE8/nvKkUEU1G38c1siN6QP6a9PT9MmHB8GnpscSmMJSoF8LOIrt8ud/wPtojys4G6+g=="
  "resolved" "https://registry.npmjs.org/safe-buffer/-/safe-buffer-5.1.2.tgz"
  "version" "5.1.2"

"source-map@^0.5.1":
  "integrity" "sha512-LbrmJOMUSdEVxIKvdcJzQC+nQhe8FUZQTXQy6+I75skNgn3OoQ0DZA8YnFa7gp8tqtL3KPf1kmo0R5DoApeSGQ=="
  "resolved" "https://registry.npmjs.org/source-map/-/source-map-0.5.7.tgz"
  "version" "0.5.7"

"sourcemap-codec@^1.4.8":
  "integrity" "sha512-9NykojV5Uih4lgo5So5dtw+f0JgJX30KCNI8gwhz2J9A15wD0Ml6tjHKwf6fTSa6fAdVBdZeNOs9eJ71qCk8vA=="
  "resolved" "https://registry.npmjs.org/sourcemap-codec/-/sourcemap-codec-1.4.8.tgz"
  "version" "1.4.8"

"string_decoder@~1.1.1":
  "integrity" "sha512-n/ShnvDi6FHbbVfviro+WojiFzv+s8MPMHBczVePfUpDJLwoLT0ht1l4YwBCbi8pJAveEEdnkHyPyTP/mzRfwg=="
  "resolved" "https://registry.npmjs.org/string_decoder/-/string_decoder-1.1.1.tgz"
  "version" "1.1.1"
  dependencies:
    "safe-buffer" "~5.1.0"

"strip-ansi@^3.0.0":
  "integrity" "sha512-VhumSSbBqDTP8p2ZLKj40UjBCV4+v8bUSEpUb4KjRgWk9pbqGF4REFj6KEagidb2f/M6AzC0EmFyDNGaw9OCzg=="
  "resolved" "https://registry.npmjs.org/strip-ansi/-/strip-ansi-3.0.1.tgz"
  "version" "3.0.1"
  dependencies:
    "ansi-regex" "^2.0.0"

"strip-json-comments@^3.1.0":
  "integrity" "sha512-6fPc+R4ihwqP6N/aIv2f1gMH8lOVtWQHoqC4yK6oSDVVocumAsfCqjkXnqiYMhmMwS/mEHLp7Vehlt3ql6lEig=="
  "resolved" "https://registry.npmjs.org/strip-json-comments/-/strip-json-comments-3.1.1.tgz"
  "version" "3.1.1"

"supports-color@^2.0.0":
  "integrity" "sha512-KKNVtd6pCYgPIKU4cp2733HWYCpplQhddZLBUryaAHou723x+FRzQ5Df824Fj+IyyuiQTRoub4SnIFfIcrp70g=="
  "resolved" "https://registry.npmjs.org/supports-color/-/supports-color-2.0.0.tgz"
  "version" "2.0.0"

"taffydb@2.6.2":
  "integrity" "sha512-y3JaeRSplks6NYQuCOj3ZFMO3j60rTwbuKCvZxsAraGYH2epusatvZ0baZYA01WsGqJBq/Dl6vOrMUJqyMj8kA=="
  "resolved" "https://registry.npmjs.org/taffydb/-/taffydb-2.6.2.tgz"
  "version" "2.6.2"

"uc.micro@^1.0.1", "uc.micro@^1.0.5":
  "integrity" "sha512-8Y75pvTYkLJW2hWQHXxoqRgV7qb9B+9vFEtidML+7koHUFapnVJAZ6cKs+Qjz5Aw3aZWHMC6u0wJE3At+nSGwA=="
  "resolved" "https://registry.npmjs.org/uc.micro/-/uc.micro-1.0.6.tgz"
  "version" "1.0.6"

"underscore@~1.13.2":
  "integrity" "sha512-BQFnUDuAQ4Yf/cYY5LNrK9NCJFKriaRbD9uR1fTeXnBeoa97W0i41qkZfGO9pSo8I5KzjAcSY2XYtdf0oKd7KQ=="
  "resolved" "https://registry.npmjs.org/underscore/-/underscore-1.13.4.tgz"
  "version" "1.13.4"

"union@~0.4.3":
  "integrity" "sha512-2qtrvSgD0GKotLRCNYkIMUOzoaHjXKCtbAP0kc5Po6D+RWTBb+BxlcHlHCYcf+Y+YM7eQicPgAg9mnWQvtoFVA=="
  "resolved" "https://registry.npmjs.org/union/-/union-0.4.6.tgz"
  "version" "0.4.6"
  dependencies:
    "qs" "~2.3.3"

"url-join@^2.0.5":
  "integrity" "sha512-c2H1fIgpUdwFRIru9HFno5DT73Ok8hg5oOb5AT3ayIgvCRfxgs2jyt5Slw8kEB7j3QUr6yJmMPDT/odjk7jXow=="
  "resolved" "https://registry.npmjs.org/url-join/-/url-join-2.0.5.tgz"
  "version" "2.0.5"

"util-deprecate@^1.0.2", "util-deprecate@~1.0.1":
  "integrity" "sha512-EPD5q1uXyFxJpCrLnCc1nHnq3gOa6DZBocAIiI2TaSCA7VCJ1UJDMagCzIkXNsUYfD1daK//LTEQ8xiIbrHtcw=="
  "resolved" "https://registry.npmjs.org/util-deprecate/-/util-deprecate-1.0.2.tgz"
  "version" "1.0.2"

"vinyl-sourcemaps-apply@^0.2.0":
  "integrity" "sha512-+oDh3KYZBoZC8hfocrbrxbLUeaYtQK7J5WU5Br9VqWqmCll3tFJqKp97GC9GmMsVIL0qnx2DgEDVxdo5EZ5sSw=="
  "resolved" "https://registry.npmjs.org/vinyl-sourcemaps-apply/-/vinyl-sourcemaps-apply-0.2.1.tgz"
  "version" "0.2.1"
  dependencies:
    "source-map" "^0.5.1"

"vinyl@^2.0.1":
  "integrity" "sha512-LII3bXRFBZLlezoG5FfZVcXflZgWP/4dCwKtxd5ky9+LOtM4CS3bIRQsmR1KMnMW07jpE8fqR2lcxPZ+8sJIcw=="
  "resolved" "https://registry.npmjs.org/vinyl/-/vinyl-2.2.1.tgz"
  "version" "2.2.1"
  dependencies:
    "clone" "^2.1.1"
    "clone-buffer" "^1.0.0"
    "clone-stats" "^1.0.0"
    "cloneable-readable" "^1.0.0"
    "remove-trailing-separator" "^1.0.1"
    "replace-ext" "^1.0.0"

"wordwrap@~0.0.2":
  "integrity" "sha512-1tMA907+V4QmxV7dbRvb4/8MaRALK6q9Abid3ndMYnbyo8piisCmeONVqVSXqQA3KaP4SLt5b7ud6E2sqP8TFw=="
  "resolved" "https://registry.npmjs.org/wordwrap/-/wordwrap-0.0.3.tgz"
  "version" "0.0.3"

"xmlcreate@^2.0.4":
  "integrity" "sha512-nquOebG4sngPmGPICTS5EnxqhKbCmz5Ox5hsszI2T6U5qdrJizBc+0ilYSEjTSzU0yZcmvppztXe/5Al5fUwdg=="
  "resolved" "https://registry.npmjs.org/xmlcreate/-/xmlcreate-2.0.4.tgz"
  "version" "2.0.4"
